
Microsoft Visual Studio Solution File, Format Version 12.00
# Visual Studio Version 17
VisualStudioVersion = 17.6.33801.468
MinimumVisualStudioVersion = 10.0.40219.1
Project("{FAE04EC0-301F-11D3-BF4B-00C04F79EFBC}") = "Massive.SqlServer", "Full\Massive.SqlServer.csproj", "{2B468CA9-D9AE-40CB-B7D1-EC2CC546359C}"
EndProject
Project("{9A19103F-16F7-4668-BE54-9A1E7A4F7556}") = "Massive.Core.SqlServer", "Core\Massive.Core.SqlServer\Massive.Core.SqlServer.csproj", "{C4E9DA59-89A9-4BFC-8E72-7743411C4E8F}"
EndProject
Project("{FAE04EC0-301F-11D3-BF4B-00C04F79EFBC}") = "Massive.Tests.SqlServer", "Full\Tests\SqlServer\Massive.Tests.SqlServer.csproj", "{A7C1CA51-F35B-4B93-BFF1-55E04BA74FC5}"
EndProject
Project("{FAE04EC0-301F-11D3-BF4B-00C04F79EFBC}") = "Massive.MySql", "Full\Massive.MySql.csproj", "{517CFB4F-92FA-4752-B794-CE4AD58E4E30}"
EndProject
Project("{FAE04EC0-301F-11D3-BF4B-00C04F79EFBC}") = "Massive.Oracle", "Full\Massive.Oracle.csproj", "{18960910-2074-4DF2-A7FF-3C1914439386}"
EndProject
Project("{FAE04EC0-301F-11D3-BF4B-00C04F79EFBC}") = "Massive.PostgreSql", "Full\Massive.PostgreSql.csproj", "{0349466C-7843-47AB-82CC-6A837BD41227}"
EndProject
Project("{FAE04EC0-301F-11D3-BF4B-00C04F79EFBC}") = "Massive.Sqlite", "Full\Massive.Sqlite.csproj", "{F8B864EA-8E35-4BD4-86A0-5ABCF44CF6C7}"
EndProject
Global
	GlobalSection(SolutionConfigurationPlatforms) = preSolution
		Debug|Any CPU = Debug|Any CPU
		Debug|x64 = Debug|x64
		Release|Any CPU = Release|Any CPU
		Release|x64 = Release|x64
	EndGlobalSection
	GlobalSection(ProjectConfigurationPlatforms) = postSolution
		{2B468CA9-D9AE-40CB-B7D1-EC2CC546359C}.Debug|Any CPU.ActiveCfg = Debug|Any CPU
		{2B468CA9-D9AE-40CB-B7D1-EC2CC546359C}.Debug|Any CPU.Build.0 = Debug|Any CPU
		{2B468CA9-D9AE-40CB-B7D1-EC2CC546359C}.Debug|x64.ActiveCfg = Debug|Any CPU
		{2B468CA9-D9AE-40CB-B7D1-EC2CC546359C}.Debug|x64.Build.0 = Debug|Any CPU
		{2B468CA9-D9AE-40CB-B7D1-EC2CC546359C}.Release|Any CPU.ActiveCfg = Release|Any CPU
		{2B468CA9-D9AE-40CB-B7D1-EC2CC546359C}.Release|Any CPU.Build.0 = Release|Any CPU
		{2B468CA9-D9AE-40CB-B7D1-EC2CC546359C}.Release|x64.ActiveCfg = Release|Any CPU
		{2B468CA9-D9AE-40CB-B7D1-EC2CC546359C}.Release|x64.Build.0 = Release|Any CPU
		{C4E9DA59-89A9-4BFC-8E72-7743411C4E8F}.Debug|Any CPU.ActiveCfg = Debug|Any CPU
		{C4E9DA59-89A9-4BFC-8E72-7743411C4E8F}.Debug|Any CPU.Build.0 = Debug|Any CPU
		{C4E9DA59-89A9-4BFC-8E72-7743411C4E8F}.Debug|x64.ActiveCfg = Debug|Any CPU
		{C4E9DA59-89A9-4BFC-8E72-7743411C4E8F}.Debug|x64.Build.0 = Debug|Any CPU
		{C4E9DA59-89A9-4BFC-8E72-7743411C4E8F}.Release|Any CPU.ActiveCfg = Release|Any CPU
		{C4E9DA59-89A9-4BFC-8E72-7743411C4E8F}.Release|Any CPU.Build.0 = Release|Any CPU
		{C4E9DA59-89A9-4BFC-8E72-7743411C4E8F}.Release|x64.ActiveCfg = Release|Any CPU
		{C4E9DA59-89A9-4BFC-8E72-7743411C4E8F}.Release|x64.Build.0 = Release|Any CPU
		{A7C1CA51-F35B-4B93-BFF1-55E04BA74FC5}.Debug|Any CPU.ActiveCfg = Debug|Any CPU
		{A7C1CA51-F35B-4B93-BFF1-55E04BA74FC5}.Debug|Any CPU.Build.0 = Debug|Any CPU
		{A7C1CA51-F35B-4B93-BFF1-55E04BA74FC5}.Debug|x64.ActiveCfg = Debug|x64
		{A7C1CA51-F35B-4B93-BFF1-55E04BA74FC5}.Debug|x64.Build.0 = Debug|x64
		{A7C1CA51-F35B-4B93-BFF1-55E04BA74FC5}.Release|Any CPU.ActiveCfg = Release|Any CPU
		{A7C1CA51-F35B-4B93-BFF1-55E04BA74FC5}.Release|Any CPU.Build.0 = Release|Any CPU
		{A7C1CA51-F35B-4B93-BFF1-55E04BA74FC5}.Release|x64.ActiveCfg = Release|x64
		{A7C1CA51-F35B-4B93-BFF1-55E04BA74FC5}.Release|x64.Build.0 = Release|x64
		{517CFB4F-92FA-4752-B794-CE4AD58E4E30}.Debug|Any CPU.ActiveCfg = Debug|Any CPU
		{517CFB4F-92FA-4752-B794-CE4AD58E4E30}.Debug|Any CPU.Build.0 = Debug|Any CPU
		{517CFB4F-92FA-4752-B794-CE4AD58E4E30}.Debug|x64.ActiveCfg = Debug|Any CPU
		{517CFB4F-92FA-4752-B794-CE4AD58E4E30}.Debug|x64.Build.0 = Debug|Any CPU
		{517CFB4F-92FA-4752-B794-CE4AD58E4E30}.Release|Any CPU.ActiveCfg = Release|Any CPU
		{517CFB4F-92FA-4752-B794-CE4AD58E4E30}.Release|Any CPU.Build.0 = Release|Any CPU
		{517CFB4F-92FA-4752-B794-CE4AD58E4E30}.Release|x64.ActiveCfg = Release|Any CPU
		{517CFB4F-92FA-4752-B794-CE4AD58E4E30}.Release|x64.Build.0 = Release|Any CPU
		{18960910-2074-4DF2-A7FF-3C1914439386}.Debug|Any CPU.ActiveCfg = Debug|Any CPU
		{18960910-2074-4DF2-A7FF-3C1914439386}.Debug|Any CPU.Build.0 = Debug|Any CPU
		{18960910-2074-4DF2-A7FF-3C1914439386}.Debug|x64.ActiveCfg = Debug|Any CPU
		{18960910-2074-4DF2-A7FF-3C1914439386}.Debug|x64.Build.0 = Debug|Any CPU
		{18960910-2074-4DF2-A7FF-3C1914439386}.Release|Any CPU.ActiveCfg = Release|Any CPU
		{18960910-2074-4DF2-A7FF-3C1914439386}.Release|Any CPU.Build.0 = Release|Any CPU
		{18960910-2074-4DF2-A7FF-3C1914439386}.Release|x64.ActiveCfg = Release|Any CPU
		{18960910-2074-4DF2-A7FF-3C1914439386}.Release|x64.Build.0 = Release|Any CPU
		{0349466C-7843-47AB-82CC-6A837BD41227}.Debug|Any CPU.ActiveCfg = Debug|Any CPU
		{0349466C-7843-47AB-82CC-6A837BD41227}.Debug|Any CPU.Build.0 = Debug|Any CPU
		{0349466C-7843-47AB-82CC-6A837BD41227}.Debug|x64.ActiveCfg = Debug|Any CPU
		{0349466C-7843-47AB-82CC-6A837BD41227}.Debug|x64.Build.0 = Debug|Any CPU
		{0349466C-7843-47AB-82CC-6A837BD41227}.Release|Any CPU.ActiveCfg = Release|Any CPU
		{0349466C-7843-47AB-82CC-6A837BD41227}.Release|Any CPU.Build.0 = Release|Any CPU
		{0349466C-7843-47AB-82CC-6A837BD41227}.Release|x64.ActiveCfg = Release|Any CPU
		{0349466C-7843-47AB-82CC-6A837BD41227}.Release|x64.Build.0 = Release|Any CPU
		{F8B864EA-8E35-4BD4-86A0-5ABCF44CF6C7}.Debug|Any CPU.ActiveCfg = Debug|Any CPU
		{F8B864EA-8E35-4BD4-86A0-5ABCF44CF6C7}.Debug|Any CPU.Build.0 = Debug|Any CPU
		{F8B864EA-8E35-4BD4-86A0-5ABCF44CF6C7}.Debug|x64.ActiveCfg = Debug|Any CPU
		{F8B864EA-8E35-4BD4-86A0-5ABCF44CF6C7}.Debug|x64.Build.0 = Debug|Any CPU
		{F8B864EA-8E35-4BD4-86A0-5ABCF44CF6C7}.Release|Any CPU.ActiveCfg = Release|Any CPU
		{F8B864EA-8E35-4BD4-86A0-5ABCF44CF6C7}.Release|Any CPU.Build.0 = Release|Any CPU
		{F8B864EA-8E35-4BD4-86A0-5ABCF44CF6C7}.Release|x64.ActiveCfg = Release|Any CPU
		{F8B864EA-8E35-4BD4-86A0-5ABCF44CF6C7}.Release|x64.Build.0 = Release|Any CPU
	EndGlobalSection
	GlobalSection(SolutionProperties) = preSolution
		HideSolutionNode = FALSE
	EndGlobalSection
	GlobalSection(ExtensibilityGlobals) = postSolution
		SolutionGuid = {51DAF277-CA2E-4A85-9805-4DB074901FF2}
	EndGlobalSection
EndGlobal
